[[dependencies]]
name = "@openzeppelin-contracts"
version = "4.9.5"
url = "https://soldeer-revisions.s3.amazonaws.com/@openzeppelin-contracts/4_9_5_22-01-2024_13:13:56_contracts.zip"
checksum = "23d102f257e57f95e4a4a55f981f8f7781f3a68c36fa77e80640812480334b27"
integrity = "27c0919f5274f868b39a294a81d73dd061ef2518d08148a454bc16095088380e"

[[dependencies]]
name = "forge-std"
version = "1.7.6"
url = "https://soldeer-revisions.s3.amazonaws.com/forge-std/v1_7_6_27-02-2024_19:21:42_forge-std-v1.7.6.zip"
checksum = "4fd381fa355ae3aae5d5f6010a906ad5202b0e46f707cca3603c352f8e57bb06"
integrity = "a7c37234f14e22f9681291679847b2dafadd249d5b563dab17f086be0bd45723"
